
Microsoft Visual Studio Solution File, Format Version 12.00
# Visual Studio 14
VisualStudioVersion = 14.0.25420.1
MinimumVisualStudioVersion = 10.0.40219.1
Project("{FAE04EC0-301F-11D3-BF4B-00C04F79EFBC}") = "solution", "solution.csproj", "{F1FE2EE7-EA11-4309-822C-025214D485BE}"
EndProject
Global
	GlobalSection(SolutionConfigurationPlatforms) = preSolution
		Debug|Any CPU = Debug|Any CPU
		Release|Any CPU = Release|Any CPU
	EndGlobalSection
	GlobalSection(ProjectConfigurationPlatforms) = postSolution
		{F1FE2EE7-EA11-4309-822C-025214D485BE}.Debug|Any CPU.ActiveCfg = Debug|Any CPU
		{F1FE2EE7-EA11-4309-822C-025214D485BE}.Debug|Any CPU.Build.0 = Debug|Any CPU
		{F1FE2EE7-EA11-4309-822C-025214D485BE}.Release|Any CPU.ActiveCfg = Release|Any CPU
		{F1FE2EE7-EA11-4309-822C-025214D485BE}.Release|Any CPU.Build.0 = Release|Any CPU
	EndGlobalSection
	GlobalSection(SolutionProperties) = preSolution
		HideSolutionNode = FALSE
	EndGlobalSection
EndGlobal
